// !$*UTF8*$!
{
	archiveVersion = 1;
	classes = {
	};
	objectVersion = 50;
	objects = {

/* Begin PBXBuildFile section */
		EBD535332695CA6D00EB25AA /* AppDelegate.swift in Sources */ = {isa = PBXBuildFile; fileRef = EBD535322695CA6D00EB25AA /* AppDelegate.swift */; };
		EBD535352695CA6D00EB25AA /* SceneDelegate.swift in Sources */ = {isa = PBXBuildFile; fileRef = EBD535342695CA6D00EB25AA /* SceneDelegate.swift */; };
		EBD535372695CA6D00EB25AA /* ViewController.swift in Sources */ = {isa = PBXBuildFile; fileRef = EBD535362695CA6D00EB25AA /* ViewController.swift */; };
		EBD5353A2695CA6D00EB25AA /* Main.storyboard in Resources */ = {isa = PBXBuildFile; fileRef = EBD535382695CA6D00EB25AA /* Main.storyboard */; };
		EBD5353C2695CA7000EB25AA /* Assets.xcassets in Resources */ = {isa = PBXBuildFile; fileRef = EBD5353B2695CA7000EB25AA /* Assets.xcassets */; };
		EBD5353F2695CA7000EB25AA /* LaunchScreen.storyboard in Resources */ = {isa = PBXBuildFile; fileRef = EBD5353D2695CA7000EB25AA /* LaunchScreen.storyboard */; };
		EBD535482695D59100EB25AA /* LoginViewController.swift in Sources */ = {isa = PBXBuildFile; fileRef = EBD535472695D59100EB25AA /* LoginViewController.swift */; };
/* End PBXBuildFile section */

/* Begin PBXFileReference section */
		EBD5352F2695CA6D00EB25AA /* LoginAnimation.app */ = {isa = PBXFileReference; explicitFileType = wrapper.application; includeInIndex = 0; path = LoginAnimation.app; sourceTree = BUILT_PRODUCTS_DIR; };
		EBD535322695CA6D00EB25AA /* AppDelegate.swift */ = {isa = PBXFileReference; lastKnownFileType = sourcecode.swift; path = AppDelegate.swift; sourceTree = "<group>"; };
		EBD535342695CA6D00EB25AA /* SceneDelegate.swift */ = {isa = PBXFileReference; lastKnownFileType = sourcecode.swift; path = SceneDelegate.swift; sourceTree = "<group>"; };
		EBD535362695CA6D00EB25AA /* ViewController.swift */ = {isa = PBXFileReference; lastKnownFileType = sourcecode.swift; path = ViewController.swift; sourceTree = "<group>"; };
		EBD535392695CA6D00EB25AA /* Base */ = {isa = PBXFileReference; lastKnownFileType = file.storyboard; name = Base; path = Base.lproj/Main.storyboard; sourceTree = "<group>"; };
		EBD5353B2695CA7000EB25AA /* Assets.xcassets */ = {isa = PBXFileReference; lastKnownFileType = folder.assetcatalog; path = Assets.xcassets; sourceTree = "<group>"; };
		EBD5353E2695CA7000EB25AA /* Base */ = {isa = PBXFileReference; lastKnownFileType = file.storyboard; name = Base; path = Base.lproj/LaunchScreen.storyboard; sourceTree = "<group>"; };
		EBD535402695CA7000EB25AA /* Info.plist */ = {isa = PBXFileReference; lastKnownFileType = text.plist.xml; path = Info.plist; sourceTree = "<group>"; };
		EBD535472695D59100EB25AA /* LoginViewController.swift */ = {isa = PBXFileReference; lastKnownFileType = sourcecode.swift; path = LoginViewController.swift; sourceTree = "<group>"; };
/* End PBXFileReference section */

/* Begin PBXFrameworksBuildPhase section */
		EBD5352C2695CA6D00EB25AA /* Frameworks */ = {
			isa = PBXFrameworksBuildPhase;
			buildActionMask = 2147483647;
			files = (
			);
			runOnlyForDeploymentPostprocessing = 0;
		};
/* End PBXFrameworksBuildPhase section */

/* Begin PBXGroup section */
		EBD535262695CA6D00EB25AA = {
			isa = PBXGroup;
			children = (
				EBD535312695CA6D00EB25AA /* LoginAnimation */,
				EBD535302695CA6D00EB25AA /* Products */,
			);
			sourceTree = "<group>";
		};
		EBD535302695CA6D00EB25AA /* Products */ = {
			isa = PBXGroup;
			children = (
				EBD5352F2695CA6D00EB25AA /* LoginAnimation.app */,
			);
			name = Products;
			sourceTree = "<group>";
		};
		EBD535312695CA6D00EB25AA /* LoginAnimation */ = {
			isa = PBXGroup;
			children = (
				EBD535322695CA6D00EB25AA /* AppDelegate.swift */,
				EBD535342695CA6D00EB25AA /* SceneDelegate.swift */,
				EBD535362695CA6D00EB25AA /* ViewController.swift */,
				EBD535472695D59100EB25AA /* LoginViewController.swift */,
				EBD535382695CA6D00EB25AA /* Main.storyboard */,
				EBD5353B2695CA7000EB25AA /* Assets.xcassets */,
				EBD5353D2695CA7000EB25AA /* LaunchScreen.storyboard */,
				EBD535402695CA7000EB25AA /* Info.plist */,
			);
			path = LoginAnimation;
			sourceTree = "<group>";
		};
/* End PBXGroup section */

/* Begin PBXNativeTarget section */
		EBD5352E2695CA6D00EB25AA /* LoginAnimation */ = {
			isa = PBXNativeTarget;
			buildConfigurationList = EBD535432695CA7000EB25AA /* Build configuration list for PBXNativeTarget "LoginAnimation" */;
			buildPhases = (
				EBD5352B2695CA6D00EB25AA /* Sources */,
				EBD5352C2695CA6D00EB25AA /* Frameworks */,
				EBD5352D2695CA6D00EB25AA /* Resources */,
			);
			buildRules = (
			);
			dependencies = (
			);
			name = LoginAnimation;
			productName = LoginAnimation;
			productReference = EBD5352F2695CA6D00EB25AA /* LoginAnimation.app */;
			productType = "com.apple.product-type.application";
		};
/* End PBXNativeTarget section */

/* Begin PBXProject section */
		EBD535272695CA6D00EB25AA /* Project object */ = {
			isa = PBXProject;
			attributes = {
				LastSwiftUpdateCheck = 1210;
				LastUpgradeCheck = 1210;
				TargetAttributes = {
					EBD5352E2695CA6D00EB25AA = {
						CreatedOnToolsVersion = 12.1;
					};
				};
			};
			buildConfigurationList = EBD5352A2695CA6D00EB25AA /* Build configuration list for PBXProject "LoginAnimation" */;
			compatibilityVersion = "Xcode 9.3";
			developmentRegion = en;
			hasScannedForEncodings = 0;
			knownRegions = (
				en,
				Base,
			);
			mainGroup = EBD535262695CA6D00EB25AA;
			productRefGroup = EBD535302695CA6D00EB25AA /* Products */;
			projectDirPath = "";
			projectRoot = "";
			targets = (
				EBD5352E2695CA6D00EB25AA /* LoginAnimation */,
			);
		};
/* End PBXProject section */

/* Begin PBXResourcesBuildPhase section */
		EBD5352D2695CA6D00EB25AA /* Resources */ = {
			isa = PBXResourcesBuildPhase;
			buildActionMask = 2147483647;
			files = (
				EBD5353F2695CA7000EB25AA /* LaunchScreen.storyboard in Resources */,
				EBD5353C2695CA7000EB25AA /* Assets.xcassets in Resources */,
				EBD5353A2695CA6D00EB25AA /* Main.storyboard in Resources */,
			);
			runOnlyForDeploymentPostprocessing = 0;
		};
/* End PBXResourcesBuildPhase section */

/* Begin PBXSourcesBuildPhase section */
		EBD5352B2695CA6D00EB25AA /* Sources */ = {
			isa = PBXSourcesBuildPhase;
			buildActionMask = 2147483647;
			files = (
				EBD535482695D59100EB25AA /* LoginViewController.swift in Sources */,
				EBD535372695CA6D00EB25AA /* ViewController.swift in Sources */,
				EBD535332695CA6D00EB25AA /* AppDelegate.swift in Sources */,
				EBD535352695CA6D00EB25AA /* SceneDelegate.swift in Sources */,
			);
			runOnlyForDeploymentPostprocessing = 0;
		};
/* End PBXSourcesBuildPhase section */

/* Begin PBXVariantGroup section */
		EBD535382695CA6D00EB25AA /* Main.storyboard */ = {
			isa = PBXVariantGroup;
			children = (
				EBD535392695CA6D00EB25AA /* Base */,
			);
			name = Main.storyboard;
			sourceTree = "<group>";
		};
		EBD5353D2695CA7000EB25AA /* LaunchScreen.storyboard */ = {
			isa = PBXVariantGroup;
			children = (
				EBD5353E2695CA7000EB25AA /* Base */,
			);
			name = LaunchScreen.storyboard;
			sourceTree = "<group>";
		};
/* End PBXVariantGroup section */

/* Begin XCBuildConfiguration section */
		EBD535412695CA7000EB25AA /* Debug */ = {
			isa = XCBuildConfiguration;
			buildSettings = {
				ALWAYS_SEARCH_USER_PATHS = NO;
				CLANG_ANALYZER_NONNULL = YES;
				CLANG_ANALYZER_NUMBER_OBJECT_CONVERSION = YES_AGGRESSIVE;
				CLANG_CXX_LANGUAGE_STANDARD = "gnu++14";
				CLANG_CXX_LIBRARY = "libc++";
				CLANG_ENABLE_MODULES = YES;
				CLANG_ENABLE_OBJC_ARC = YES;
				CLANG_ENABLE_OBJC_WEAK = YES;
				CLANG_WARN_BLOCK_CAPTURE_AUTORELEASING = YES;
				CLANG_WARN_BOOL_CONVERSION = YES;
				CLANG_WARN_COMMA = YES;
				CLANG_WARN_CONSTANT_CONVERSION = YES;
				CLANG_WARN_DEPRECATED_OBJC_IMPLEMENTATIONS = YES;
				CLANG_WARN_DIRECT_OBJC_ISA_USAGE = YES_ERROR;
				CLANG_WARN_DOCUMENTATION_COMMENTS = YES;
				CLANG_WARN_EMPTY_BODY = YES;
				CLANG_WARN_ENUM_CONVERSION = YES;
				CLANG_WARN_INFINITE_RECURSION = YES;
				CLANG_WARN_INT_CONVERSION = YES;
				CLANG_WARN_NON_LITERAL_NULL_CONVERSION = YES;
				CLANG_WARN_OBJC_IMPLICIT_RETAIN_SELF = YES;
				CLANG_WARN_OBJC_LITERAL_CONVERSION = YES;
				CLANG_WARN_OBJC_ROOT_CLASS = YES_ERROR;
				CLANG_WARN_QUOTED_INCLUDE_IN_FRAMEWORK_HEADER = YES;
				CLANG_WARN_RANGE_LOOP_ANALYSIS = YES;
				CLANG_WARN_STRICT_PROTOTYPES = YES;
				CLANG_WARN_SUSPICIOUS_MOVE = YES;
				CLANG_WARN_UNGUARDED_AVAILABILITY = YES_AGGRESSIVE;
				CLANG_WARN_UNREACHABLE_CODE = YES;
				CLANG_WARN__DUPLICATE_METHOD_MATCH = YES;
				COPY_PHASE_STRIP = NO;
				DEBUG_INFORMATION_FORMAT = dwarf;
				ENABLE_STRICT_OBJC_MSGSEND = YES;
				ENABLE_TESTABILITY = YES;
				GCC_C_LANGUAGE_STANDARD = gnu11;
				GCC_DYNAMIC_NO_PIC = NO;
				GCC_NO_COMMON_BLOCKS = YES;
				GCC_OPTIMIZATION_LEVEL = 0;
				GCC_PREPROCESSOR_DEFINITIONS = (
					"DEBUG=1",
					"$(inherited)",
				);
				GCC_WARN_64_TO_32_BIT_CONVERSION = YES;
				GCC_WARN_ABOUT_RETURN_TYPE = YES_ERROR;
				GCC_WARN_UNDECLARED_SELECTOR = YES;
				GCC_WARN_UNINITIALIZED_AUTOS = YES_AGGRESSIVE;
				GCC_WARN_UNUSED_FUNCTION = YES;
				GCC_WARN_UNUSED_VARIABLE = YES;
				IPHONEOS_DEPLOYMENT_TARGET = 14.1;
				MTL_ENABLE_DEBUG_INFO = INCLUDE_SOURCE;
				MTL_FAST_MATH = YES;
				ONLY_ACTIVE_ARCH = YES;
				SDKROOT = iphoneos;
				SWIFT_ACTIVE_COMPILATION_CONDITIONS = DEBUG;
				SWIFT_OPTIMIZATION_LEVEL = "-Onone";
			};
			name = Debug;
		};
		EBD535422695CA7000EB25AA /* Release */ = {
			isa = XCBuildConfiguration;
			buildSettings = {
				ALWAYS_SEARCH_USER_PATHS = NO;
				CLANG_ANALYZER_NONNULL = YES;
				CLANG_ANALYZER_NUMBER_OBJECT_CONVERSION = YES_AGGRESSIVE;
				CLANG_CXX_LANGUAGE_STANDARD = "gnu++14";
				CLANG_CXX_LIBRARY = "libc++";
				CLANG_ENABLE_MODULES = YES;
				CLANG_ENABLE_OBJC_ARC = YES;
				CLANG_ENABLE_OBJC_WEAK = YES;
				CLANG_WARN_BLOCK_CAPTURE_AUTORELEASING = YES;
				CLANG_WARN_BOOL_CONVERSION = YES;
				CLANG_WARN_COMMA = YES;
				CLANG_WARN_CONSTANT_CONVERSION = YES;
				CLANG_WARN_DEPRECATED_OBJC_IMPLEMENTATIONS = YES;
				CLANG_WARN_DIRECT_OBJC_ISA_USAGE = YES_ERROR;
				CLANG_WARN_DOCUMENTATION_COMMENTS = YES;
				CLANG_WARN_EMPTY_BODY = YES;
				CLANG_WARN_ENUM_CONVERSION = YES;
				CLANG_WARN_INFINITE_RECURSION = YES;
				CLANG_WARN_INT_CONVERSION = YES;
				CLANG_WARN_NON_LITERAL_NULL_CONVERSION = YES;
				CLANG_WARN_OBJC_IMPLICIT_RETAIN_SELF = YES;
				CLANG_WARN_OBJC_LITERAL_CONVERSION = YES;
				CLANG_WARN_OBJC_ROOT_CLASS = YES_ERROR;
				CLANG_WARN_QUOTED_INCLUDE_IN_FRAMEWORK_HEADER = YES;
				CLANG_WARN_RANGE_LOOP_ANALYSIS = YES;
				CLANG_WARN_STRICT_PROTOTYPES = YES;
				CLANG_WARN_SUSPICIOUS_MOVE = YES;
				CLANG_WARN_UNGUARDED_AVAILABILITY = YES_AGGRESSIVE;
				CLANG_WARN_UNREACHABLE_CODE = YES;
				CLANG_WARN__DUPLICATE_METHOD_MATCH = YES;
				COPY_PHASE_STRIP = NO;
				DEBUG_INFORMATION_FORMAT = "dwarf-with-dsym";
				ENABLE_NS_ASSERTIONS = NO;
				ENABLE_STRICT_OBJC_MSGSEND = YES;
				GCC_C_LANGUAGE_STANDARD = gnu11;
				GCC_NO_COMMON_BLOCKS = YES;
				GCC_WARN_64_TO_32_BIT_CONVERSION = YES;
				GCC_WARN_ABOUT_RETURN_TYPE = YES_ERROR;
				GCC_WARN_UNDECLARED_SELECTOR = YES;
				GCC_WARN_UNINITIALIZED_AUTOS = YES_AGGRESSIVE;
				GCC_WARN_UNUSED_FUNCTION = YES;
				GCC_WARN_UNUSED_VARIABLE = YES;
				IPHONEOS_DEPLOYMENT_TARGET = 14.1;
				MTL_ENABLE_DEBUG_INFO = NO;
				MTL_FAST_MATH = YES;
				SDKROOT = iphoneos;
				SWIFT_COMPILATION_MODE = wholemodule;
				SWIFT_OPTIMIZATION_LEVEL = "-O";
				VALIDATE_PRODUCT = YES;
			};
			name = Release;
		};
		EBD535442695CA7000EB25AA /* Debug */ = {
			isa = XCBuildConfiguration;
			buildSettings = {
				ASSETCATALOG_COMPILER_APPICON_NAME = AppIcon;
				ASSETCATALOG_COMPILER_GLOBAL_ACCENT_COLOR_NAME = AccentColor;
				CODE_SIGN_STYLE = Automatic;
				DEVELOPMENT_TEAM = 7U4FFK4VVX;
				INFOPLIST_FILE = LoginAnimation/Info.plist;
				LD_RUNPATH_SEARCH_PATHS = (
					"$(inherited)",
					"@executable_path/Frameworks",
				);
				PRODUCT_BUNDLE_IDENTIFIER = com.admin.LoginAnimation;
				PRODUCT_NAME = "$(TARGET_NAME)";
				SWIFT_VERSION = 5.0;
				TARGETED_DEVICE_FAMILY = "1,2";
			};
			name = Debug;
		};
		EBD535452695CA7000EB25AA /* Release */ = {
			isa = XCBuildConfiguration;
			buildSettings = {
				ASSETCATALOG_COMPILER_APPICON_NAME = AppIcon;
				ASSETCATALOG_COMPILER_GLOBAL_ACCENT_COLOR_NAME = AccentColor;
				CODE_SIGN_STYLE = Automatic;
				DEVELOPMENT_TEAM = 7U4FFK4VVX;
				INFOPLIST_FILE = LoginAnimation/Info.plist;
				LD_RUNPATH_SEARCH_PATHS = (
					"$(inherited)",
					"@executable_path/Frameworks",
				);
				PRODUCT_BUNDLE_IDENTIFIER = com.admin.LoginAnimation;
				PRODUCT_NAME = "$(TARGET_NAME)";
				SWIFT_VERSION = 5.0;
				TARGETED_DEVICE_FAMILY = "1,2";
			};
			name = Release;
		};
/* End XCBuildConfiguration section */

/* Begin XCConfigurationList section */
		EBD5352A2695CA6D00EB25AA /* Build configuration list for PBXProject "LoginAnimation" */ = {
			isa = XCConfigurationList;
			buildConfigurations = (
				EBD535412695CA7000EB25AA /* Debug */,
				EBD535422695CA7000EB25AA /* Release */,
			);
			defaultConfigurationIsVisible = 0;
			defaultConfigurationName = Release;
		};
		EBD535432695CA7000EB25AA /* Build configuration list for PBXNativeTarget "LoginAnimation" */ = {
			isa = XCConfigurationList;
			buildConfigurations = (
				EBD535442695CA7000EB25AA /* Debug */,
				EBD535452695CA7000EB25AA /* Release */,
			);
			defaultConfigurationIsVisible = 0;
			defaultConfigurationName = Release;
		};
/* End XCConfigurationList section */
	};
	rootObject = EBD535272695CA6D00EB25AA /* Project object */;
}
